# This file is automatically @generated by Poetry 1.7.1 and should not be changed by hand.
# This is a placeholder lock file that should be regenerated by running:
# poetry install && poetry lock

# IMPORTANT: This file ensures reproducible builds by locking
# specific versions of all dependencies and their transitive dependencies.
# 
# To regenerate this file:
# 1. Ensure all dependencies in pyproject.toml are correct
# 2. Run: poetry install
# 3. Run: poetry lock
# 4. Commit the generated poetry.lock file
#
# The poetry.lock file is critical for:
# - Reproducible builds across environments
# - Security vulnerability tracking
# - Dependency conflict resolution
# - CI/CD pipeline consistency

[[package]]
name = "placeholder"
version = "0.0.0"
description = "Placeholder entry - regenerate with poetry lock"
category = "main"
optional = false
python-versions = "*"

[metadata]
lock-version = "2.0"
python-versions = "^3.9"
content-hash = "placeholder-hash-regenerate-with-poetry-lock"